
Microsoft Visual Studio Solution File, Format Version 12.00
# Visual Studio Version 17
VisualStudioVersion = 17.0.31903.59
MinimumVisualStudioVersion = 10.0.40219.1
Project("{2150E333-8FDC-42A3-9474-1A3956D46DE8}") = "src", "src", "{F36BD266-CD75-4438-9BF9-CD91CDB18F2B}"
EndProject
Project("{FAE04EC0-301F-11D3-BF4B-00C04F79EFBC}") = "PaymentGateway.Api", "src\PaymentGateway.Api\PaymentGateway.Api.csproj", "{3CD9AAA2-2097-4874-9C40-FFDE26EE8E43}"
EndProject
Project("{2150E333-8FDC-42A3-9474-1A3956D46DE8}") = "test", "test", "{1EF69307-274F-458E-BBE8-4D390512A8C6}"
EndProject
Project("{FAE04EC0-301F-11D3-BF4B-00C04F79EFBC}") = "PaymentGateway.Api.Tests", "test\PaymentGateway.Api.Tests\PaymentGateway.Api.Tests.csproj", "{3A92D8D6-0359-4752-91AE-D8A59622518A}"
EndProject
Project("{FAE04EC0-301F-11D3-BF4B-00C04F79EFBC}") = "PaymentGateway.Domain", "src\PaymentGateway.Domain\PaymentGateway.Domain.csproj", "{F28B938C-C8E3-490B-AF04-FEB36ACA9535}"
EndProject
Project("{FAE04EC0-301F-11D3-BF4B-00C04F79EFBC}") = "PaymentGateway.Application", "src\PaymentGateway.Application\PaymentGateway.Application.csproj", "{6285A180-DA75-4705-89B4-474F7140F6F6}"
EndProject
Project("{FAE04EC0-301F-11D3-BF4B-00C04F79EFBC}") = "PaymentGateway.Infrastructure", "src\PaymentGateway.Infrastructure\PaymentGateway.Infrastructure.csproj", "{6CF807E3-F249-4339-894E-3758EC88D958}"
EndProject
Project("{FAE04EC0-301F-11D3-BF4B-00C04F79EFBC}") = "PaymentGateway.Domain.Tests", "test\PaymentGateway.Domain.Tests\PaymentGateway.Domain.Tests.csproj", "{3C120191-E8DF-462A-AFF3-1ED9C88D06B1}"
EndProject
Project("{FAE04EC0-301F-11D3-BF4B-00C04F79EFBC}") = "PaymentGateway.Application.Tests", "test\PaymentGateway.Application.Tests\PaymentGateway.Application.Tests.csproj", "{362CFACD-4112-4D9A-8C2C-49D1FDF3EF57}"
EndProject
Project("{FAE04EC0-301F-11D3-BF4B-00C04F79EFBC}") = "PaymentGateway.Infrastructure.Tests", "test\PaymentGateway.Infrastructure.Tests\PaymentGateway.Infrastructure.Tests.csproj", "{CA28E3EC-5B5D-4EF8-A418-D82325B4743C}"
EndProject
Project("{FAE04EC0-301F-11D3-BF4B-00C04F79EFBC}") = "PaymentGateway.IntegrationTests", "test\PaymentGateway.IntegrationTests\PaymentGateway.IntegrationTests.csproj", "{815060F2-F825-4785-83A5-032D9AE950D0}"
EndProject
Global
	GlobalSection(SolutionConfigurationPlatforms) = preSolution
		Debug|Any CPU = Debug|Any CPU
		Debug|x64 = Debug|x64
		Debug|x86 = Debug|x86
		Release|Any CPU = Release|Any CPU
		Release|x64 = Release|x64
		Release|x86 = Release|x86
	EndGlobalSection
	GlobalSection(ProjectConfigurationPlatforms) = postSolution
		{3CD9AAA2-2097-4874-9C40-FFDE26EE8E43}.Debug|Any CPU.ActiveCfg = Debug|Any CPU
		{3CD9AAA2-2097-4874-9C40-FFDE26EE8E43}.Debug|Any CPU.Build.0 = Debug|Any CPU
		{3CD9AAA2-2097-4874-9C40-FFDE26EE8E43}.Debug|x64.ActiveCfg = Debug|Any CPU
		{3CD9AAA2-2097-4874-9C40-FFDE26EE8E43}.Debug|x64.Build.0 = Debug|Any CPU
		{3CD9AAA2-2097-4874-9C40-FFDE26EE8E43}.Debug|x86.ActiveCfg = Debug|Any CPU
		{3CD9AAA2-2097-4874-9C40-FFDE26EE8E43}.Debug|x86.Build.0 = Debug|Any CPU
		{3CD9AAA2-2097-4874-9C40-FFDE26EE8E43}.Release|Any CPU.ActiveCfg = Release|Any CPU
		{3CD9AAA2-2097-4874-9C40-FFDE26EE8E43}.Release|Any CPU.Build.0 = Release|Any CPU
		{3CD9AAA2-2097-4874-9C40-FFDE26EE8E43}.Release|x64.ActiveCfg = Release|Any CPU
		{3CD9AAA2-2097-4874-9C40-FFDE26EE8E43}.Release|x64.Build.0 = Release|Any CPU
		{3CD9AAA2-2097-4874-9C40-FFDE26EE8E43}.Release|x86.ActiveCfg = Release|Any CPU
		{3CD9AAA2-2097-4874-9C40-FFDE26EE8E43}.Release|x86.Build.0 = Release|Any CPU
		{3A92D8D6-0359-4752-91AE-D8A59622518A}.Debug|Any CPU.ActiveCfg = Debug|Any CPU
		{3A92D8D6-0359-4752-91AE-D8A59622518A}.Debug|Any CPU.Build.0 = Debug|Any CPU
		{3A92D8D6-0359-4752-91AE-D8A59622518A}.Debug|x64.ActiveCfg = Debug|Any CPU
		{3A92D8D6-0359-4752-91AE-D8A59622518A}.Debug|x64.Build.0 = Debug|Any CPU
		{3A92D8D6-0359-4752-91AE-D8A59622518A}.Debug|x86.ActiveCfg = Debug|Any CPU
		{3A92D8D6-0359-4752-91AE-D8A59622518A}.Debug|x86.Build.0 = Debug|Any CPU
		{3A92D8D6-0359-4752-91AE-D8A59622518A}.Release|Any CPU.ActiveCfg = Release|Any CPU
		{3A92D8D6-0359-4752-91AE-D8A59622518A}.Release|Any CPU.Build.0 = Release|Any CPU
		{3A92D8D6-0359-4752-91AE-D8A59622518A}.Release|x64.ActiveCfg = Release|Any CPU
		{3A92D8D6-0359-4752-91AE-D8A59622518A}.Release|x64.Build.0 = Release|Any CPU
		{3A92D8D6-0359-4752-91AE-D8A59622518A}.Release|x86.ActiveCfg = Release|Any CPU
		{3A92D8D6-0359-4752-91AE-D8A59622518A}.Release|x86.Build.0 = Release|Any CPU
		{F28B938C-C8E3-490B-AF04-FEB36ACA9535}.Debug|Any CPU.ActiveCfg = Debug|Any CPU
		{F28B938C-C8E3-490B-AF04-FEB36ACA9535}.Debug|Any CPU.Build.0 = Debug|Any CPU
		{F28B938C-C8E3-490B-AF04-FEB36ACA9535}.Debug|x64.ActiveCfg = Debug|Any CPU
		{F28B938C-C8E3-490B-AF04-FEB36ACA9535}.Debug|x64.Build.0 = Debug|Any CPU
		{F28B938C-C8E3-490B-AF04-FEB36ACA9535}.Debug|x86.ActiveCfg = Debug|Any CPU
		{F28B938C-C8E3-490B-AF04-FEB36ACA9535}.Debug|x86.Build.0 = Debug|Any CPU
		{F28B938C-C8E3-490B-AF04-FEB36ACA9535}.Release|Any CPU.ActiveCfg = Release|Any CPU
		{F28B938C-C8E3-490B-AF04-FEB36ACA9535}.Release|Any CPU.Build.0 = Release|Any CPU
		{F28B938C-C8E3-490B-AF04-FEB36ACA9535}.Release|x64.ActiveCfg = Release|Any CPU
		{F28B938C-C8E3-490B-AF04-FEB36ACA9535}.Release|x64.Build.0 = Release|Any CPU
		{F28B938C-C8E3-490B-AF04-FEB36ACA9535}.Release|x86.ActiveCfg = Release|Any CPU
		{F28B938C-C8E3-490B-AF04-FEB36ACA9535}.Release|x86.Build.0 = Release|Any CPU
		{6285A180-DA75-4705-89B4-474F7140F6F6}.Debug|Any CPU.ActiveCfg = Debug|Any CPU
		{6285A180-DA75-4705-89B4-474F7140F6F6}.Debug|Any CPU.Build.0 = Debug|Any CPU
		{6285A180-DA75-4705-89B4-474F7140F6F6}.Debug|x64.ActiveCfg = Debug|Any CPU
		{6285A180-DA75-4705-89B4-474F7140F6F6}.Debug|x64.Build.0 = Debug|Any CPU
		{6285A180-DA75-4705-89B4-474F7140F6F6}.Debug|x86.ActiveCfg = Debug|Any CPU
		{6285A180-DA75-4705-89B4-474F7140F6F6}.Debug|x86.Build.0 = Debug|Any CPU
		{6285A180-DA75-4705-89B4-474F7140F6F6}.Release|Any CPU.ActiveCfg = Release|Any CPU
		{6285A180-DA75-4705-89B4-474F7140F6F6}.Release|Any CPU.Build.0 = Release|Any CPU
		{6285A180-DA75-4705-89B4-474F7140F6F6}.Release|x64.ActiveCfg = Release|Any CPU
		{6285A180-DA75-4705-89B4-474F7140F6F6}.Release|x64.Build.0 = Release|Any CPU
		{6285A180-DA75-4705-89B4-474F7140F6F6}.Release|x86.ActiveCfg = Release|Any CPU
		{6285A180-DA75-4705-89B4-474F7140F6F6}.Release|x86.Build.0 = Release|Any CPU
		{6CF807E3-F249-4339-894E-3758EC88D958}.Debug|Any CPU.ActiveCfg = Debug|Any CPU
		{6CF807E3-F249-4339-894E-3758EC88D958}.Debug|Any CPU.Build.0 = Debug|Any CPU
		{6CF807E3-F249-4339-894E-3758EC88D958}.Debug|x64.ActiveCfg = Debug|Any CPU
		{6CF807E3-F249-4339-894E-3758EC88D958}.Debug|x64.Build.0 = Debug|Any CPU
		{6CF807E3-F249-4339-894E-3758EC88D958}.Debug|x86.ActiveCfg = Debug|Any CPU
		{6CF807E3-F249-4339-894E-3758EC88D958}.Debug|x86.Build.0 = Debug|Any CPU
		{6CF807E3-F249-4339-894E-3758EC88D958}.Release|Any CPU.ActiveCfg = Release|Any CPU
		{6CF807E3-F249-4339-894E-3758EC88D958}.Release|Any CPU.Build.0 = Release|Any CPU
		{6CF807E3-F249-4339-894E-3758EC88D958}.Release|x64.ActiveCfg = Release|Any CPU
		{6CF807E3-F249-4339-894E-3758EC88D958}.Release|x64.Build.0 = Release|Any CPU
		{6CF807E3-F249-4339-894E-3758EC88D958}.Release|x86.ActiveCfg = Release|Any CPU
		{6CF807E3-F249-4339-894E-3758EC88D958}.Release|x86.Build.0 = Release|Any CPU
		{3C120191-E8DF-462A-AFF3-1ED9C88D06B1}.Debug|Any CPU.ActiveCfg = Debug|Any CPU
		{3C120191-E8DF-462A-AFF3-1ED9C88D06B1}.Debug|Any CPU.Build.0 = Debug|Any CPU
		{3C120191-E8DF-462A-AFF3-1ED9C88D06B1}.Debug|x64.ActiveCfg = Debug|Any CPU
		{3C120191-E8DF-462A-AFF3-1ED9C88D06B1}.Debug|x64.Build.0 = Debug|Any CPU
		{3C120191-E8DF-462A-AFF3-1ED9C88D06B1}.Debug|x86.ActiveCfg = Debug|Any CPU
		{3C120191-E8DF-462A-AFF3-1ED9C88D06B1}.Debug|x86.Build.0 = Debug|Any CPU
		{3C120191-E8DF-462A-AFF3-1ED9C88D06B1}.Release|Any CPU.ActiveCfg = Release|Any CPU
		{3C120191-E8DF-462A-AFF3-1ED9C88D06B1}.Release|Any CPU.Build.0 = Release|Any CPU
		{3C120191-E8DF-462A-AFF3-1ED9C88D06B1}.Release|x64.ActiveCfg = Release|Any CPU
		{3C120191-E8DF-462A-AFF3-1ED9C88D06B1}.Release|x64.Build.0 = Release|Any CPU
		{3C120191-E8DF-462A-AFF3-1ED9C88D06B1}.Release|x86.ActiveCfg = Release|Any CPU
		{3C120191-E8DF-462A-AFF3-1ED9C88D06B1}.Release|x86.Build.0 = Release|Any CPU
		{362CFACD-4112-4D9A-8C2C-49D1FDF3EF57}.Debug|Any CPU.ActiveCfg = Debug|Any CPU
		{362CFACD-4112-4D9A-8C2C-49D1FDF3EF57}.Debug|Any CPU.Build.0 = Debug|Any CPU
		{362CFACD-4112-4D9A-8C2C-49D1FDF3EF57}.Debug|x64.ActiveCfg = Debug|Any CPU
		{362CFACD-4112-4D9A-8C2C-49D1FDF3EF57}.Debug|x64.Build.0 = Debug|Any CPU
		{362CFACD-4112-4D9A-8C2C-49D1FDF3EF57}.Debug|x86.ActiveCfg = Debug|Any CPU
		{362CFACD-4112-4D9A-8C2C-49D1FDF3EF57}.Debug|x86.Build.0 = Debug|Any CPU
		{362CFACD-4112-4D9A-8C2C-49D1FDF3EF57}.Release|Any CPU.ActiveCfg = Release|Any CPU
		{362CFACD-4112-4D9A-8C2C-49D1FDF3EF57}.Release|Any CPU.Build.0 = Release|Any CPU
		{362CFACD-4112-4D9A-8C2C-49D1FDF3EF57}.Release|x64.ActiveCfg = Release|Any CPU
		{362CFACD-4112-4D9A-8C2C-49D1FDF3EF57}.Release|x64.Build.0 = Release|Any CPU
		{362CFACD-4112-4D9A-8C2C-49D1FDF3EF57}.Release|x86.ActiveCfg = Release|Any CPU
		{362CFACD-4112-4D9A-8C2C-49D1FDF3EF57}.Release|x86.Build.0 = Release|Any CPU
		{CA28E3EC-5B5D-4EF8-A418-D82325B4743C}.Debug|Any CPU.ActiveCfg = Debug|Any CPU
		{CA28E3EC-5B5D-4EF8-A418-D82325B4743C}.Debug|Any CPU.Build.0 = Debug|Any CPU
		{CA28E3EC-5B5D-4EF8-A418-D82325B4743C}.Debug|x64.ActiveCfg = Debug|Any CPU
		{CA28E3EC-5B5D-4EF8-A418-D82325B4743C}.Debug|x64.Build.0 = Debug|Any CPU
		{CA28E3EC-5B5D-4EF8-A418-D82325B4743C}.Debug|x86.ActiveCfg = Debug|Any CPU
		{CA28E3EC-5B5D-4EF8-A418-D82325B4743C}.Debug|x86.Build.0 = Debug|Any CPU
		{CA28E3EC-5B5D-4EF8-A418-D82325B4743C}.Release|Any CPU.ActiveCfg = Release|Any CPU
		{CA28E3EC-5B5D-4EF8-A418-D82325B4743C}.Release|Any CPU.Build.0 = Release|Any CPU
		{CA28E3EC-5B5D-4EF8-A418-D82325B4743C}.Release|x64.ActiveCfg = Release|Any CPU
		{CA28E3EC-5B5D-4EF8-A418-D82325B4743C}.Release|x64.Build.0 = Release|Any CPU
		{CA28E3EC-5B5D-4EF8-A418-D82325B4743C}.Release|x86.ActiveCfg = Release|Any CPU
		{CA28E3EC-5B5D-4EF8-A418-D82325B4743C}.Release|x86.Build.0 = Release|Any CPU
		{815060F2-F825-4785-83A5-032D9AE950D0}.Debug|Any CPU.ActiveCfg = Debug|Any CPU
		{815060F2-F825-4785-83A5-032D9AE950D0}.Debug|Any CPU.Build.0 = Debug|Any CPU
		{815060F2-F825-4785-83A5-032D9AE950D0}.Debug|x64.ActiveCfg = Debug|Any CPU
		{815060F2-F825-4785-83A5-032D9AE950D0}.Debug|x64.Build.0 = Debug|Any CPU
		{815060F2-F825-4785-83A5-032D9AE950D0}.Debug|x86.ActiveCfg = Debug|Any CPU
		{815060F2-F825-4785-83A5-032D9AE950D0}.Debug|x86.Build.0 = Debug|Any CPU
		{815060F2-F825-4785-83A5-032D9AE950D0}.Release|Any CPU.ActiveCfg = Release|Any CPU
		{815060F2-F825-4785-83A5-032D9AE950D0}.Release|Any CPU.Build.0 = Release|Any CPU
		{815060F2-F825-4785-83A5-032D9AE950D0}.Release|x64.ActiveCfg = Release|Any CPU
		{815060F2-F825-4785-83A5-032D9AE950D0}.Release|x64.Build.0 = Release|Any CPU
		{815060F2-F825-4785-83A5-032D9AE950D0}.Release|x86.ActiveCfg = Release|Any CPU
		{815060F2-F825-4785-83A5-032D9AE950D0}.Release|x86.Build.0 = Release|Any CPU
	EndGlobalSection
	GlobalSection(SolutionProperties) = preSolution
		HideSolutionNode = FALSE
	EndGlobalSection
	GlobalSection(NestedProjects) = preSolution
		{3CD9AAA2-2097-4874-9C40-FFDE26EE8E43} = {F36BD266-CD75-4438-9BF9-CD91CDB18F2B}
		{3A92D8D6-0359-4752-91AE-D8A59622518A} = {1EF69307-274F-458E-BBE8-4D390512A8C6}
		{F28B938C-C8E3-490B-AF04-FEB36ACA9535} = {F36BD266-CD75-4438-9BF9-CD91CDB18F2B}
		{6285A180-DA75-4705-89B4-474F7140F6F6} = {F36BD266-CD75-4438-9BF9-CD91CDB18F2B}
		{6CF807E3-F249-4339-894E-3758EC88D958} = {F36BD266-CD75-4438-9BF9-CD91CDB18F2B}
		{3C120191-E8DF-462A-AFF3-1ED9C88D06B1} = {1EF69307-274F-458E-BBE8-4D390512A8C6}
		{362CFACD-4112-4D9A-8C2C-49D1FDF3EF57} = {1EF69307-274F-458E-BBE8-4D390512A8C6}
		{CA28E3EC-5B5D-4EF8-A418-D82325B4743C} = {1EF69307-274F-458E-BBE8-4D390512A8C6}
		{815060F2-F825-4785-83A5-032D9AE950D0} = {1EF69307-274F-458E-BBE8-4D390512A8C6}
	EndGlobalSection
EndGlobal
